
Microsoft Visual Studio Solution File, Format Version 12.00
# Visual Studio Version 17
VisualStudioVersion = 17.4.33403.182
MinimumVisualStudioVersion = 10.0.40219.1
Project("{FAE04EC0-301F-11D3-BF4B-00C04F79EFBC}") = "Harmony Player", "Harmony Player.csproj", "{879D8464-9E5E-4A98-AB95-B2D1B511658A}"
EndProject
Global
	GlobalSection(SolutionConfigurationPlatforms) = preSolution
		Debug|Any CPU = Debug|Any CPU
		Release|Any CPU = Release|Any CPU
	EndGlobalSection
	GlobalSection(ProjectConfigurationPlatforms) = postSolution
		{879D8464-9E5E-4A98-AB95-B2D1B511658A}.Debug|Any CPU.ActiveCfg = Debug|Any CPU
		{879D8464-9E5E-4A98-AB95-B2D1B511658A}.Debug|Any CPU.Build.0 = Debug|Any CPU
		{879D8464-9E5E-4A98-AB95-B2D1B511658A}.Release|Any CPU.ActiveCfg = Release|Any CPU
		{879D8464-9E5E-4A98-AB95-B2D1B511658A}.Release|Any CPU.Build.0 = Release|Any CPU
	EndGlobalSection
	GlobalSection(SolutionProperties) = preSolution
		HideSolutionNode = FALSE
	EndGlobalSection
	GlobalSection(ExtensibilityGlobals) = postSolution
		SolutionGuid = {A81F53FD-1A25-41B5-BE16-90D6F63178BD}
	EndGlobalSection
EndGlobal
